
Microsoft Visual Studio Solution File, Format Version 12.00
# Visual Studio Version 17
VisualStudioVersion = 17.7.34031.279
MinimumVisualStudioVersion = 10.0.40219.1
Project("{FAE04EC0-301F-11D3-BF4B-00C04F79EFBC}") = "AppCliente", "AppCliente\AppCliente.csproj", "{64A47870-F9F3-4B74-934F-EF7E7102862D}"
EndProject
Global
	GlobalSection(SolutionConfigurationPlatforms) = preSolution
		Debug|Any CPU = Debug|Any CPU
		Release|Any CPU = Release|Any CPU
	EndGlobalSection
	GlobalSection(ProjectConfigurationPlatforms) = postSolution
		{64A47870-F9F3-4B74-934F-EF7E7102862D}.Debug|Any CPU.ActiveCfg = Debug|Any CPU
		{64A47870-F9F3-4B74-934F-EF7E7102862D}.Debug|Any CPU.Build.0 = Debug|Any CPU
		{64A47870-F9F3-4B74-934F-EF7E7102862D}.Release|Any CPU.ActiveCfg = Release|Any CPU
		{64A47870-F9F3-4B74-934F-EF7E7102862D}.Release|Any CPU.Build.0 = Release|Any CPU
	EndGlobalSection
	GlobalSection(SolutionProperties) = preSolution
		HideSolutionNode = FALSE
	EndGlobalSection
	GlobalSection(ExtensibilityGlobals) = postSolution
		SolutionGuid = {3E317D65-E4A9-441D-91A3-7278698E635C}
	EndGlobalSection
EndGlobal
